{
  "name": "cookie_flag",
  "requires": true,
  "lockfileVersion": 1,
  "dependencies": {
    "uikit": {
      "version": "3.1.4",
      "resolved": "https://registry.npmjs.org/uikit/-/uikit-3.1.4.tgz",
      "integrity": "sha512-XGtlKlQXeNoQJi9wyff6DCkeX0P5/wdZw7LOenH7a5AOTRfUZDhTGX9uSCvRBroYBIKj6Eq2fe2efw2d1/rdHg=="
    }
  }
}
